
Microsoft Visual Studio Solution File, Format Version 12.00
# Visual Studio Version 17
VisualStudioVersion = 17.14.36121.58 d17.14
MinimumVisualStudioVersion = 10.0.40219.1
Project("{FAE04EC0-301F-11D3-BF4B-00C04F79EFBC}") = "ECommerceAPI", "ECommerceAPI\ECommerceAPI.csproj", "{7362AB3E-D194-4E91-9736-F826616CED41}"
EndProject
Global
	GlobalSection(SolutionConfigurationPlatforms) = preSolution
		Debug|Any CPU = Debug|Any CPU
		Release|Any CPU = Release|Any CPU
	EndGlobalSection
	GlobalSection(ProjectConfigurationPlatforms) = postSolution
		{7362AB3E-D194-4E91-9736-F826616CED41}.Debug|Any CPU.ActiveCfg = Debug|Any CPU
		{7362AB3E-D194-4E91-9736-F826616CED41}.Debug|Any CPU.Build.0 = Debug|Any CPU
		{7362AB3E-D194-4E91-9736-F826616CED41}.Release|Any CPU.ActiveCfg = Release|Any CPU
		{7362AB3E-D194-4E91-9736-F826616CED41}.Release|Any CPU.Build.0 = Release|Any CPU
	EndGlobalSection
	GlobalSection(SolutionProperties) = preSolution
		HideSolutionNode = FALSE
	EndGlobalSection
	GlobalSection(ExtensibilityGlobals) = postSolution
		SolutionGuid = {7AD89951-4AB7-4F63-873B-C05BE63CEFA9}
	EndGlobalSection
EndGlobal
